
Microsoft Visual Studio Solution File, Format Version 12.00
# Visual Studio Version 17
VisualStudioVersion = 17.4.33213.308
MinimumVisualStudioVersion = 10.0.40219.1
Project("{FAE04EC0-301F-11D3-BF4B-00C04F79EFBC}") = "XMLTest", "XMLTest\XMLTest.csproj", "{4ED3CF95-DFCB-4BD6-91FB-5E4B466298FA}"
EndProject
Global
	GlobalSection(SolutionConfigurationPlatforms) = preSolution
		Debug|Any CPU = Debug|Any CPU
		Release|Any CPU = Release|Any CPU
	EndGlobalSection
	GlobalSection(ProjectConfigurationPlatforms) = postSolution
		{4ED3CF95-DFCB-4BD6-91FB-5E4B466298FA}.Debug|Any CPU.ActiveCfg = Debug|Any CPU
		{4ED3CF95-DFCB-4BD6-91FB-5E4B466298FA}.Debug|Any CPU.Build.0 = Debug|Any CPU
		{4ED3CF95-DFCB-4BD6-91FB-5E4B466298FA}.Release|Any CPU.ActiveCfg = Release|Any CPU
		{4ED3CF95-DFCB-4BD6-91FB-5E4B466298FA}.Release|Any CPU.Build.0 = Release|Any CPU
	EndGlobalSection
	GlobalSection(SolutionProperties) = preSolution
		HideSolutionNode = FALSE
	EndGlobalSection
	GlobalSection(ExtensibilityGlobals) = postSolution
		SolutionGuid = {5727763B-050A-4482-BFF3-025399FD47EA}
	EndGlobalSection
EndGlobal
